
Microsoft Visual Studio Solution File, Format Version 12.00
# Visual Studio Version 17
VisualStudioVersion = 17.2.32630.192
MinimumVisualStudioVersion = 10.0.40219.1
Project("{9A19103F-16F7-4668-BE54-9A1E7A4F7556}") = "R5T.L0106.Construction", "R5T.L0106.Construction\R5T.L0106.Construction.csproj", "{9774765E-4E28-48C5-90D6-786E2F9DC120}"
EndProject
Project("{9A19103F-16F7-4668-BE54-9A1E7A4F7556}") = "R5T.L0106", "R5T.L0106\R5T.L0106.csproj", "{DA813919-8DE9-4CBA-8096-E106B47936EF}"
EndProject
Global
	GlobalSection(SolutionConfigurationPlatforms) = preSolution
		Debug|Any CPU = Debug|Any CPU
		Release|Any CPU = Release|Any CPU
	EndGlobalSection
	GlobalSection(ProjectConfigurationPlatforms) = postSolution
		{9774765E-4E28-48C5-90D6-786E2F9DC120}.Debug|Any CPU.ActiveCfg = Debug|Any CPU
		{9774765E-4E28-48C5-90D6-786E2F9DC120}.Debug|Any CPU.Build.0 = Debug|Any CPU
		{9774765E-4E28-48C5-90D6-786E2F9DC120}.Release|Any CPU.ActiveCfg = Release|Any CPU
		{9774765E-4E28-48C5-90D6-786E2F9DC120}.Release|Any CPU.Build.0 = Release|Any CPU
		{DA813919-8DE9-4CBA-8096-E106B47936EF}.Debug|Any CPU.ActiveCfg = Debug|Any CPU
		{DA813919-8DE9-4CBA-8096-E106B47936EF}.Debug|Any CPU.Build.0 = Debug|Any CPU
		{DA813919-8DE9-4CBA-8096-E106B47936EF}.Release|Any CPU.ActiveCfg = Release|Any CPU
		{DA813919-8DE9-4CBA-8096-E106B47936EF}.Release|Any CPU.Build.0 = Release|Any CPU
	EndGlobalSection
	GlobalSection(SolutionProperties) = preSolution
		HideSolutionNode = FALSE
	EndGlobalSection
	GlobalSection(ExtensibilityGlobals) = postSolution
		SolutionGuid = {2A6BC829-3A82-4983-96F1-C219461A883A}
	EndGlobalSection
EndGlobal
